// !$*UTF8*$!
{
	archiveVersion = 1;
	classes = {
	};
	objectVersion = 46;
	objects = {

/* Begin PBXBuildFile section */
		B03D888017FFAD6700D4E9DB /* Foundation.framework in Frameworks */ = {isa = PBXBuildFile; fileRef = B03D887F17FFAD6700D4E9DB /* Foundation.framework */; };
		B03D888217FFAD6700D4E9DB /* CoreGraphics.framework in Frameworks */ = {isa = PBXBuildFile; fileRef = B03D888117FFAD6700D4E9DB /* CoreGraphics.framework */; };
		B03D888417FFAD6700D4E9DB /* UIKit.framework in Frameworks */ = {isa = PBXBuildFile; fileRef = B03D888317FFAD6700D4E9DB /* UIKit.framework */; };
		B03D888A17FFAD6700D4E9DB /* InfoPlist.strings in Resources */ = {isa = PBXBuildFile; fileRef = B03D888817FFAD6700D4E9DB /* InfoPlist.strings */; };
		B03D888C17FFAD6700D4E9DB /* main.m in Sources */ = {isa = PBXBuildFile; fileRef = B03D888B17FFAD6700D4E9DB /* main.m */; };
		B03D889017FFAD6700D4E9DB /* AppDelegate.m in Sources */ = {isa = PBXBuildFile; fileRef = B03D888F17FFAD6700D4E9DB /* AppDelegate.m */; };
		B03D889317FFAD6700D4E9DB /* Main.storyboard in Resources */ = {isa = PBXBuildFile; fileRef = B03D889117FFAD6700D4E9DB /* Main.storyboard */; };
		B03D889617FFAD6700D4E9DB /* ViewController.m in Sources */ = {isa = PBXBuildFile; fileRef = B03D889517FFAD6700D4E9DB /* ViewController.m */; };
		B03D889817FFAD6700D4E9DB /* Images.xcassets in Resources */ = {isa = PBXBuildFile; fileRef = B03D889717FFAD6700D4E9DB /* Images.xcassets */; };
		B03D889F17FFAD6700D4E9DB /* XCTest.framework in Frameworks */ = {isa = PBXBuildFile; fileRef = B03D889E17FFAD6700D4E9DB /* XCTest.framework */; };
		B03D88A017FFAD6700D4E9DB /* Foundation.framework in Frameworks */ = {isa = PBXBuildFile; fileRef = B03D887F17FFAD6700D4E9DB /* Foundation.framework */; };
		B03D88A117FFAD6700D4E9DB /* UIKit.framework in Frameworks */ = {isa = PBXBuildFile; fileRef = B03D888317FFAD6700D4E9DB /* UIKit.framework */; };
		B03D88A917FFAD6700D4E9DB /* InfoPlist.strings in Resources */ = {isa = PBXBuildFile; fileRef = B03D88A717FFAD6700D4E9DB /* InfoPlist.strings */; };
		B03D88AB17FFAD6700D4E9DB /* UILabelTests.m in Sources */ = {isa = PBXBuildFile; fileRef = B03D88AA17FFAD6700D4E9DB /* UILabelTests.m */; };
/* End PBXBuildFile section */

/* Begin PBXContainerItemProxy section */
		B03D88A217FFAD6700D4E9DB /* PBXContainerItemProxy */ = {
			isa = PBXContainerItemProxy;
			containerPortal = B03D887417FFAD6700D4E9DB /* Project object */;
			proxyType = 1;
			remoteGlobalIDString = B03D887B17FFAD6700D4E9DB;
			remoteInfo = UILabel;
		};
/* End PBXContainerItemProxy section */

/* Begin PBXFileReference section */
		B03D887C17FFAD6700D4E9DB /* UILabel.app */ = {isa = PBXFileReference; explicitFileType = wrapper.application; includeInIndex = 0; path = UILabel.app; sourceTree = BUILT_PRODUCTS_DIR; };
		B03D887F17FFAD6700D4E9DB /* Foundation.framework */ = {isa = PBXFileReference; lastKnownFileType = wrapper.framework; name = Foundation.framework; path = System/Library/Frameworks/Foundation.framework; sourceTree = SDKROOT; };
		B03D888117FFAD6700D4E9DB /* CoreGraphics.framework */ = {isa = PBXFileReference; lastKnownFileType = wrapper.framework; name = CoreGraphics.framework; path = System/Library/Frameworks/CoreGraphics.framework; sourceTree = SDKROOT; };
		B03D888317FFAD6700D4E9DB /* UIKit.framework */ = {isa = PBXFileReference; lastKnownFileType = wrapper.framework; name = UIKit.framework; path = System/Library/Frameworks/UIKit.framework; sourceTree = SDKROOT; };
		B03D888717FFAD6700D4E9DB /* UILabel-Info.plist */ = {isa = PBXFileReference; lastKnownFileType = text.plist.xml; path = "UILabel-Info.plist"; sourceTree = "<group>"; };
		B03D888917FFAD6700D4E9DB /* en */ = {isa = PBXFileReference; lastKnownFileType = text.plist.strings; name = en; path = en.lproj/InfoPlist.strings; sourceTree = "<group>"; };
		B03D888B17FFAD6700D4E9DB /* main.m */ = {isa = PBXFileReference; lastKnownFileType = sourcecode.c.objc; path = main.m; sourceTree = "<group>"; };
		B03D888D17FFAD6700D4E9DB /* UILabel-Prefix.pch */ = {isa = PBXFileReference; lastKnownFileType = sourcecode.c.h; path = "UILabel-Prefix.pch"; sourceTree = "<group>"; };
		B03D888E17FFAD6700D4E9DB /* AppDelegate.h */ = {isa = PBXFileReference; lastKnownFileType = sourcecode.c.h; path = AppDelegate.h; sourceTree = "<group>"; };
		B03D888F17FFAD6700D4E9DB /* AppDelegate.m */ = {isa = PBXFileReference; lastKnownFileType = sourcecode.c.objc; path = AppDelegate.m; sourceTree = "<group>"; };
		B03D889217FFAD6700D4E9DB /* Base */ = {isa = PBXFileReference; lastKnownFileType = file.storyboard; name = Base; path = Base.lproj/Main.storyboard; sourceTree = "<group>"; };
		B03D889417FFAD6700D4E9DB /* ViewController.h */ = {isa = PBXFileReference; lastKnownFileType = sourcecode.c.h; path = ViewController.h; sourceTree = "<group>"; };
		B03D889517FFAD6700D4E9DB /* ViewController.m */ = {isa = PBXFileReference; lastKnownFileType = sourcecode.c.objc; path = ViewController.m; sourceTree = "<group>"; };
		B03D889717FFAD6700D4E9DB /* Images.xcassets */ = {isa = PBXFileReference; lastKnownFileType = folder.assetcatalog; path = Images.xcassets; sourceTree = "<group>"; };
		B03D889D17FFAD6700D4E9DB /* UILabelTests.xctest */ = {isa = PBXFileReference; explicitFileType = wrapper.cfbundle; includeInIndex = 0; path = UILabelTests.xctest; sourceTree = BUILT_PRODUCTS_DIR; };
		B03D889E17FFAD6700D4E9DB /* XCTest.framework */ = {isa = PBXFileReference; lastKnownFileType = wrapper.framework; name = XCTest.framework; path = Library/Frameworks/XCTest.framework; sourceTree = DEVELOPER_DIR; };
		B03D88A617FFAD6700D4E9DB /* UILabelTests-Info.plist */ = {isa = PBXFileReference; lastKnownFileType = text.plist.xml; path = "UILabelTests-Info.plist"; sourceTree = "<group>"; };
		B03D88A817FFAD6700D4E9DB /* en */ = {isa = PBXFileReference; lastKnownFileType = text.plist.strings; name = en; path = en.lproj/InfoPlist.strings; sourceTree = "<group>"; };
		B03D88AA17FFAD6700D4E9DB /* UILabelTests.m */ = {isa = PBXFileReference; lastKnownFileType = sourcecode.c.objc; path = UILabelTests.m; sourceTree = "<group>"; };
/* End PBXFileReference section */

/* Begin PBXFrameworksBuildPhase section */
		B03D887917FFAD6700D4E9DB /* Frameworks */ = {
			isa = PBXFrameworksBuildPhase;
			buildActionMask = 2147483647;
			files = (
				B03D888217FFAD6700D4E9DB /* CoreGraphics.framework in Frameworks */,
				B03D888417FFAD6700D4E9DB /* UIKit.framework in Frameworks */,
				B03D888017FFAD6700D4E9DB /* Foundation.framework in Frameworks */,
			);
			runOnlyForDeploymentPostprocessing = 0;
		};
		B03D889A17FFAD6700D4E9DB /* Frameworks */ = {
			isa = PBXFrameworksBuildPhase;
			buildActionMask = 2147483647;
			files = (
				B03D889F17FFAD6700D4E9DB /* XCTest.framework in Frameworks */,
				B03D88A117FFAD6700D4E9DB /* UIKit.framework in Frameworks */,
				B03D88A017FFAD6700D4E9DB /* Foundation.framework in Frameworks */,
			);
			runOnlyForDeploymentPostprocessing = 0;
		};
/* End PBXFrameworksBuildPhase section */

/* Begin PBXGroup section */
		B03D887317FFAD6700D4E9DB = {
			isa = PBXGroup;
			children = (
				B03D888517FFAD6700D4E9DB /* UILabel */,
				B03D88A417FFAD6700D4E9DB /* UILabelTests */,
				B03D887E17FFAD6700D4E9DB /* Frameworks */,
				B03D887D17FFAD6700D4E9DB /* Products */,
			);
			sourceTree = "<group>";
		};
		B03D887D17FFAD6700D4E9DB /* Products */ = {
			isa = PBXGroup;
			children = (
				B03D887C17FFAD6700D4E9DB /* UILabel.app */,
				B03D889D17FFAD6700D4E9DB /* UILabelTests.xctest */,
			);
			name = Products;
			sourceTree = "<group>";
		};
		B03D887E17FFAD6700D4E9DB /* Frameworks */ = {
			isa = PBXGroup;
			children = (
				B03D887F17FFAD6700D4E9DB /* Foundation.framework */,
				B03D888117FFAD6700D4E9DB /* CoreGraphics.framework */,
				B03D888317FFAD6700D4E9DB /* UIKit.framework */,
				B03D889E17FFAD6700D4E9DB /* XCTest.framework */,
			);
			name = Frameworks;
			sourceTree = "<group>";
		};
		B03D888517FFAD6700D4E9DB /* UILabel */ = {
			isa = PBXGroup;
			children = (
				B03D888E17FFAD6700D4E9DB /* AppDelegate.h */,
				B03D888F17FFAD6700D4E9DB /* AppDelegate.m */,
				B03D889117FFAD6700D4E9DB /* Main.storyboard */,
				B03D889417FFAD6700D4E9DB /* ViewController.h */,
				B03D889517FFAD6700D4E9DB /* ViewController.m */,
				B03D889717FFAD6700D4E9DB /* Images.xcassets */,
				B03D888617FFAD6700D4E9DB /* Supporting Files */,
			);
			path = UILabel;
			sourceTree = "<group>";
		};
		B03D888617FFAD6700D4E9DB /* Supporting Files */ = {
			isa = PBXGroup;
			children = (
				B03D888717FFAD6700D4E9DB /* UILabel-Info.plist */,
				B03D888817FFAD6700D4E9DB /* InfoPlist.strings */,
				B03D888B17FFAD6700D4E9DB /* main.m */,
				B03D888D17FFAD6700D4E9DB /* UILabel-Prefix.pch */,
			);
			name = "Supporting Files";
			sourceTree = "<group>";
		};
		B03D88A417FFAD6700D4E9DB /* UILabelTests */ = {
			isa = PBXGroup;
			children = (
				B03D88AA17FFAD6700D4E9DB /* UILabelTests.m */,
				B03D88A517FFAD6700D4E9DB /* Supporting Files */,
			);
			path = UILabelTests;
			sourceTree = "<group>";
		};
		B03D88A517FFAD6700D4E9DB /* Supporting Files */ = {
			isa = PBXGroup;
			children = (
				B03D88A617FFAD6700D4E9DB /* UILabelTests-Info.plist */,
				B03D88A717FFAD6700D4E9DB /* InfoPlist.strings */,
			);
			name = "Supporting Files";
			sourceTree = "<group>";
		};
/* End PBXGroup section */

/* Begin PBXNativeTarget section */
		B03D887B17FFAD6700D4E9DB /* UILabel */ = {
			isa = PBXNativeTarget;
			buildConfigurationList = B03D88AE17FFAD6700D4E9DB /* Build configuration list for PBXNativeTarget "UILabel" */;
			buildPhases = (
				B03D887817FFAD6700D4E9DB /* Sources */,
				B03D887917FFAD6700D4E9DB /* Frameworks */,
				B03D887A17FFAD6700D4E9DB /* Resources */,
			);
			buildRules = (
			);
			dependencies = (
			);
			name = UILabel;
			productName = UILabel;
			productReference = B03D887C17FFAD6700D4E9DB /* UILabel.app */;
			productType = "com.apple.product-type.application";
		};
		B03D889C17FFAD6700D4E9DB /* UILabelTests */ = {
			isa = PBXNativeTarget;
			buildConfigurationList = B03D88B117FFAD6700D4E9DB /* Build configuration list for PBXNativeTarget "UILabelTests" */;
			buildPhases = (
				B03D889917FFAD6700D4E9DB /* Sources */,
				B03D889A17FFAD6700D4E9DB /* Frameworks */,
				B03D889B17FFAD6700D4E9DB /* Resources */,
			);
			buildRules = (
			);
			dependencies = (
				B03D88A317FFAD6700D4E9DB /* PBXTargetDependency */,
			);
			name = UILabelTests;
			productName = UILabelTests;
			productReference = B03D889D17FFAD6700D4E9DB /* UILabelTests.xctest */;
			productType = "com.apple.product-type.bundle.unit-test";
		};
/* End PBXNativeTarget section */

/* Begin PBXProject section */
		B03D887417FFAD6700D4E9DB /* Project object */ = {
			isa = PBXProject;
			attributes = {
				LastUpgradeCheck = 0500;
				ORGANIZATIONNAME = navzou;
				TargetAttributes = {
					B03D889C17FFAD6700D4E9DB = {
						TestTargetID = B03D887B17FFAD6700D4E9DB;
					};
				};
			};
			buildConfigurationList = B03D887717FFAD6700D4E9DB /* Build configuration list for PBXProject "UILabel" */;
			compatibilityVersion = "Xcode 3.2";
			developmentRegion = English;
			hasScannedForEncodings = 0;
			knownRegions = (
				en,
				Base,
			);
			mainGroup = B03D887317FFAD6700D4E9DB;
			productRefGroup = B03D887D17FFAD6700D4E9DB /* Products */;
			projectDirPath = "";
			projectRoot = "";
			targets = (
				B03D887B17FFAD6700D4E9DB /* UILabel */,
				B03D889C17FFAD6700D4E9DB /* UILabelTests */,
			);
		};
/* End PBXProject section */

/* Begin PBXResourcesBuildPhase section */
		B03D887A17FFAD6700D4E9DB /* Resources */ = {
			isa = PBXResourcesBuildPhase;
			buildActionMask = 2147483647;
			files = (
				B03D889817FFAD6700D4E9DB /* Images.xcassets in Resources */,
				B03D888A17FFAD6700D4E9DB /* InfoPlist.strings in Resources */,
				B03D889317FFAD6700D4E9DB /* Main.storyboard in Resources */,
			);
			runOnlyForDeploymentPostprocessing = 0;
		};
		B03D889B17FFAD6700D4E9DB /* Resources */ = {
			isa = PBXResourcesBuildPhase;
			buildActionMask = 2147483647;
			files = (
				B03D88A917FFAD6700D4E9DB /* InfoPlist.strings in Resources */,
			);
			runOnlyForDeploymentPostprocessing = 0;
		};
/* End PBXResourcesBuildPhase section */

/* Begin PBXSourcesBuildPhase section */
		B03D887817FFAD6700D4E9DB /* Sources */ = {
			isa = PBXSourcesBuildPhase;
			buildActionMask = 2147483647;
			files = (
				B03D889617FFAD6700D4E9DB /* ViewController.m in Sources */,
				B03D889017FFAD6700D4E9DB /* AppDelegate.m in Sources */,
				B03D888C17FFAD6700D4E9DB /* main.m in Sources */,
			);
			runOnlyForDeploymentPostprocessing = 0;
		};
		B03D889917FFAD6700D4E9DB /* Sources */ = {
			isa = PBXSourcesBuildPhase;
			buildActionMask = 2147483647;
			files = (
				B03D88AB17FFAD6700D4E9DB /* UILabelTests.m in Sources */,
			);
			runOnlyForDeploymentPostprocessing = 0;
		};
/* End PBXSourcesBuildPhase section */

/* Begin PBXTargetDependency section */
		B03D88A317FFAD6700D4E9DB /* PBXTargetDependency */ = {
			isa = PBXTargetDependency;
			target = B03D887B17FFAD6700D4E9DB /* UILabel */;
			targetProxy = B03D88A217FFAD6700D4E9DB /* PBXContainerItemProxy */;
		};
/* End PBXTargetDependency section */

/* Begin PBXVariantGroup section */
		B03D888817FFAD6700D4E9DB /* InfoPlist.strings */ = {
			isa = PBXVariantGroup;
			children = (
				B03D888917FFAD6700D4E9DB /* en */,
			);
			name = InfoPlist.strings;
			sourceTree = "<group>";
		};
		B03D889117FFAD6700D4E9DB /* Main.storyboard */ = {
			isa = PBXVariantGroup;
			children = (
				B03D889217FFAD6700D4E9DB /* Base */,
			);
			name = Main.storyboard;
			sourceTree = "<group>";
		};
		B03D88A717FFAD6700D4E9DB /* InfoPlist.strings */ = {
			isa = PBXVariantGroup;
			children = (
				B03D88A817FFAD6700D4E9DB /* en */,
			);
			name = InfoPlist.strings;
			sourceTree = "<group>";
		};
/* End PBXVariantGroup section */

/* Begin XCBuildConfiguration section */
		B03D88AC17FFAD6700D4E9DB /* Debug */ = {
			isa = XCBuildConfiguration;
			buildSettings = {
				ALWAYS_SEARCH_USER_PATHS = NO;
				ARCHS = "$(ARCHS_STANDARD_INCLUDING_64_BIT)";
				CLANG_CXX_LANGUAGE_STANDARD = "gnu++0x";
				CLANG_CXX_LIBRARY = "libc++";
				CLANG_ENABLE_MODULES = YES;
				CLANG_ENABLE_OBJC_ARC = YES;
				CLANG_WARN_BOOL_CONVERSION = YES;
				CLANG_WARN_CONSTANT_CONVERSION = YES;
				CLANG_WARN_DIRECT_OBJC_ISA_USAGE = YES_ERROR;
				CLANG_WARN_EMPTY_BODY = YES;
				CLANG_WARN_ENUM_CONVERSION = YES;
				CLANG_WARN_INT_CONVERSION = YES;
				CLANG_WARN_OBJC_ROOT_CLASS = YES_ERROR;
				CLANG_WARN__DUPLICATE_METHOD_MATCH = YES;
				"CODE_SIGN_IDENTITY[sdk=iphoneos*]" = "iPhone Developer";
				COPY_PHASE_STRIP = NO;
				GCC_C_LANGUAGE_STANDARD = gnu99;
				GCC_DYNAMIC_NO_PIC = NO;
				GCC_OPTIMIZATION_LEVEL = 0;
				GCC_PREPROCESSOR_DEFINITIONS = (
					"DEBUG=1",
					"$(inherited)",
				);
				GCC_SYMBOLS_PRIVATE_EXTERN = NO;
				GCC_WARN_64_TO_32_BIT_CONVERSION = YES;
				GCC_WARN_ABOUT_RETURN_TYPE = YES_ERROR;
				GCC_WARN_UNDECLARED_SELECTOR = YES;
				GCC_WARN_UNINITIALIZED_AUTOS = YES;
				GCC_WARN_UNUSED_FUNCTION = YES;
				GCC_WARN_UNUSED_VARIABLE = YES;
				IPHONEOS_DEPLOYMENT_TARGET = 7.0;
				ONLY_ACTIVE_ARCH = YES;
				SDKROOT = iphoneos;
			};
			name = Debug;
		};
		B03D88AD17FFAD6700D4E9DB /* Release */ = {
			isa = XCBuildConfiguration;
			buildSettings = {
				ALWAYS_SEARCH_USER_PATHS = NO;
				ARCHS = "$(ARCHS_STANDARD_INCLUDING_64_BIT)";
				CLANG_CXX_LANGUAGE_STANDARD = "gnu++0x";
				CLANG_CXX_LIBRARY = "libc++";
				CLANG_ENABLE_MODULES = YES;
				CLANG_ENABLE_OBJC_ARC = YES;
				CLANG_WARN_BOOL_CONVERSION = YES;
				CLANG_WARN_CONSTANT_CONVERSION = YES;
				CLANG_WARN_DIRECT_OBJC_ISA_USAGE = YES_ERROR;
				CLANG_WARN_EMPTY_BODY = YES;
				CLANG_WARN_ENUM_CONVERSION = YES;
				CLANG_WARN_INT_CONVERSION = YES;
				CLANG_WARN_OBJC_ROOT_CLASS = YES_ERROR;
				CLANG_WARN__DUPLICATE_METHOD_MATCH = YES;
				"CODE_SIGN_IDENTITY[sdk=iphoneos*]" = "iPhone Developer";
				COPY_PHASE_STRIP = YES;
				ENABLE_NS_ASSERTIONS = NO;
				GCC_C_LANGUAGE_STANDARD = gnu99;
				GCC_WARN_64_TO_32_BIT_CONVERSION = YES;
				GCC_WARN_ABOUT_RETURN_TYPE = YES_ERROR;
				GCC_WARN_UNDECLARED_SELECTOR = YES;
				GCC_WARN_UNINITIALIZED_AUTOS = YES;
				GCC_WARN_UNUSED_FUNCTION = YES;
				GCC_WARN_UNUSED_VARIABLE = YES;
				IPHONEOS_DEPLOYMENT_TARGET = 7.0;
				SDKROOT = iphoneos;
				VALIDATE_PRODUCT = YES;
			};
			name = Release;
		};
		B03D88AF17FFAD6700D4E9DB /* Debug */ = {
			isa = XCBuildConfiguration;
			buildSettings = {
				ASSETCATALOG_COMPILER_APPICON_NAME = AppIcon;
				ASSETCATALOG_COMPILER_LAUNCHIMAGE_NAME = LaunchImage;
				GCC_PRECOMPILE_PREFIX_HEADER = YES;
				GCC_PREFIX_HEADER = "UILabel/UILabel-Prefix.pch";
				INFOPLIST_FILE = "UILabel/UILabel-Info.plist";
				PRODUCT_NAME = "$(TARGET_NAME)";
				WRAPPER_EXTENSION = app;
			};
			name = Debug;
		};
		B03D88B017FFAD6700D4E9DB /* Release */ = {
			isa = XCBuildConfiguration;
			buildSettings = {
				ASSETCATALOG_COMPILER_APPICON_NAME = AppIcon;
				ASSETCATALOG_COMPILER_LAUNCHIMAGE_NAME = LaunchImage;
				GCC_PRECOMPILE_PREFIX_HEADER = YES;
				GCC_PREFIX_HEADER = "UILabel/UILabel-Prefix.pch";
				INFOPLIST_FILE = "UILabel/UILabel-Info.plist";
				PRODUCT_NAME = "$(TARGET_NAME)";
				WRAPPER_EXTENSION = app;
			};
			name = Release;
		};
		B03D88B217FFAD6700D4E9DB /* Debug */ = {
			isa = XCBuildConfiguration;
			buildSettings = {
				ARCHS = "$(ARCHS_STANDARD_INCLUDING_64_BIT)";
				BUNDLE_LOADER = "$(BUILT_PRODUCTS_DIR)/UILabel.app/UILabel";
				FRAMEWORK_SEARCH_PATHS = (
					"$(SDKROOT)/Developer/Library/Frameworks",
					"$(inherited)",
					"$(DEVELOPER_FRAMEWORKS_DIR)",
				);
				GCC_PRECOMPILE_PREFIX_HEADER = YES;
				GCC_PREFIX_HEADER = "UILabel/UILabel-Prefix.pch";
				GCC_PREPROCESSOR_DEFINITIONS = (
					"DEBUG=1",
					"$(inherited)",
				);
				INFOPLIST_FILE = "UILabelTests/UILabelTests-Info.plist";
				PRODUCT_NAME = "$(TARGET_NAME)";
				TEST_HOST = "$(BUNDLE_LOADER)";
				WRAPPER_EXTENSION = xctest;
			};
			name = Debug;
		};
		B03D88B317FFAD6700D4E9DB /* Release */ = {
			isa = XCBuildConfiguration;
			buildSettings = {
				ARCHS = "$(ARCHS_STANDARD_INCLUDING_64_BIT)";
				BUNDLE_LOADER = "$(BUILT_PRODUCTS_DIR)/UILabel.app/UILabel";
				FRAMEWORK_SEARCH_PATHS = (
					"$(SDKROOT)/Developer/Library/Frameworks",
					"$(inherited)",
					"$(DEVELOPER_FRAMEWORKS_DIR)",
				);
				GCC_PRECOMPILE_PREFIX_HEADER = YES;
				GCC_PREFIX_HEADER = "UILabel/UILabel-Prefix.pch";
				INFOPLIST_FILE = "UILabelTests/UILabelTests-Info.plist";
				PRODUCT_NAME = "$(TARGET_NAME)";
				TEST_HOST = "$(BUNDLE_LOADER)";
				WRAPPER_EXTENSION = xctest;
			};
			name = Release;
		};
/* End XCBuildConfiguration section */

/* Begin XCConfigurationList section */
		B03D887717FFAD6700D4E9DB /* Build configuration list for PBXProject "UILabel" */ = {
			isa = XCConfigurationList;
			buildConfigurations = (
				B03D88AC17FFAD6700D4E9DB /* Debug */,
				B03D88AD17FFAD6700D4E9DB /* Release */,
			);
			defaultConfigurationIsVisible = 0;
			defaultConfigurationName = Release;
		};
		B03D88AE17FFAD6700D4E9DB /* Build configuration list for PBXNativeTarget "UILabel" */ = {
			isa = XCConfigurationList;
			buildConfigurations = (
				B03D88AF17FFAD6700D4E9DB /* Debug */,
				B03D88B017FFAD6700D4E9DB /* Release */,
			);
			defaultConfigurationIsVisible = 0;
		};
		B03D88B117FFAD6700D4E9DB /* Build configuration list for PBXNativeTarget "UILabelTests" */ = {
			isa = XCConfigurationList;
			buildConfigurations = (
				B03D88B217FFAD6700D4E9DB /* Debug */,
				B03D88B317FFAD6700D4E9DB /* Release */,
			);
			defaultConfigurationIsVisible = 0;
		};
/* End XCConfigurationList section */
	};
	rootObject = B03D887417FFAD6700D4E9DB /* Project object */;
}
